// !$*UTF8*$!
{
	archiveVersion = 1;
	classes = {
	};
	objectVersion = 46;
	objects = {

/* Begin PBXBuildFile section */
		1DD4F5201DDC676600F0D6B0 /* SKFCamerademoTests.m in Sources */ = {isa = PBXBuildFile; fileRef = 1DD4F51F1DDC676600F0D6B0 /* SKFCamerademoTests.m */; };
		1DD4F52B1DDC676600F0D6B0 /* SKFCamerademoUITests.m in Sources */ = {isa = PBXBuildFile; fileRef = 1DD4F52A1DDC676600F0D6B0 /* SKFCamerademoUITests.m */; };
		1DD4F5A71DDC6B2600F0D6B0 /* AppDelegate.m in Sources */ = {isa = PBXBuildFile; fileRef = 1DD4F5751DDC6B2600F0D6B0 /* AppDelegate.m */; };
		1DD4F5A81DDC6B2600F0D6B0 /* Assets.xcassets in Resources */ = {isa = PBXBuildFile; fileRef = 1DD4F5761DDC6B2600F0D6B0 /* Assets.xcassets */; };
		1DD4F5A91DDC6B2600F0D6B0 /* LaunchScreen.storyboard in Resources */ = {isa = PBXBuildFile; fileRef = 1DD4F5771DDC6B2600F0D6B0 /* LaunchScreen.storyboard */; };
		1DD4F5AA1DDC6B2600F0D6B0 /* Main.storyboard in Resources */ = {isa = PBXBuildFile; fileRef = 1DD4F5791DDC6B2600F0D6B0 /* Main.storyboard */; };
		1DD4F5AB1DDC6B2600F0D6B0 /* Info.plist in Resources */ = {isa = PBXBuildFile; fileRef = 1DD4F57B1DDC6B2600F0D6B0 /* Info.plist */; };
		1DD4F5AC1DDC6B2600F0D6B0 /* main.m in Sources */ = {isa = PBXBuildFile; fileRef = 1DD4F57C1DDC6B2600F0D6B0 /* main.m */; };
		1DD4F5AD1DDC6B2600F0D6B0 /* ALCameraViewAssets.xcassets in Resources */ = {isa = PBXBuildFile; fileRef = 1DD4F57F1DDC6B2600F0D6B0 /* ALCameraViewAssets.xcassets */; };
		1DD4F5AE1DDC6B2600F0D6B0 /* LLSimpleCamera+Helper.m in Sources */ = {isa = PBXBuildFile; fileRef = 1DD4F5811DDC6B2600F0D6B0 /* LLSimpleCamera+Helper.m */; };
		1DD4F5AF1DDC6B2600F0D6B0 /* LLSimpleCamera.m in Sources */ = {isa = PBXBuildFile; fileRef = 1DD4F5831DDC6B2600F0D6B0 /* LLSimpleCamera.m */; };
		1DD4F5B01DDC6B2600F0D6B0 /* UIImage+Crop.m in Sources */ = {isa = PBXBuildFile; fileRef = 1DD4F5851DDC6B2600F0D6B0 /* UIImage+Crop.m */; };
		1DD4F5B11DDC6B2600F0D6B0 /* UIImage+FixOrientation.m in Sources */ = {isa = PBXBuildFile; fileRef = 1DD4F5871DDC6B2600F0D6B0 /* UIImage+FixOrientation.m */; };
		1DD4F5B21DDC6B2600F0D6B0 /* UIImage+Resize.m in Sources */ = {isa = PBXBuildFile; fileRef = 1DD4F5891DDC6B2600F0D6B0 /* UIImage+Resize.m */; };
		1DD4F5B31DDC6B2600F0D6B0 /* SKFCamera.m in Sources */ = {isa = PBXBuildFile; fileRef = 1DD4F58B1DDC6B2600F0D6B0 /* SKFCamera.m */; };
		1DD4F5B41DDC6B2600F0D6B0 /* TOActivityCroppedImageProvider.m in Sources */ = {isa = PBXBuildFile; fileRef = 1DD4F58F1DDC6B2600F0D6B0 /* TOActivityCroppedImageProvider.m */; };
		1DD4F5B51DDC6B2600F0D6B0 /* TOCroppedImageAttributes.m in Sources */ = {isa = PBXBuildFile; fileRef = 1DD4F5911DDC6B2600F0D6B0 /* TOCroppedImageAttributes.m */; };
		1DD4F5B61DDC6B2600F0D6B0 /* TOCropViewControllerTransitioning.m in Sources */ = {isa = PBXBuildFile; fileRef = 1DD4F5931DDC6B2600F0D6B0 /* TOCropViewControllerTransitioning.m */; };
		1DD4F5B71DDC6B2600F0D6B0 /* UIImage+CropRotate.m in Sources */ = {isa = PBXBuildFile; fileRef = 1DD4F5951DDC6B2600F0D6B0 /* UIImage+CropRotate.m */; };
		1DD4F5B81DDC6B2600F0D6B0 /* TOCropViewController.m in Sources */ = {isa = PBXBuildFile; fileRef = 1DD4F5971DDC6B2600F0D6B0 /* TOCropViewController.m */; };
		1DD4F5B91DDC6B2600F0D6B0 /* TOCropViewControllerLocalizable.strings in Resources */ = {isa = PBXBuildFile; fileRef = 1DD4F5981DDC6B2600F0D6B0 /* TOCropViewControllerLocalizable.strings */; };
		1DD4F5BA1DDC6B2600F0D6B0 /* UIView+layoutnew.m in Sources */ = {isa = PBXBuildFile; fileRef = 1DD4F59B1DDC6B2600F0D6B0 /* UIView+layoutnew.m */; };
		1DD4F5BB1DDC6B2600F0D6B0 /* TOCropOverlayView.m in Sources */ = {isa = PBXBuildFile; fileRef = 1DD4F59E1DDC6B2600F0D6B0 /* TOCropOverlayView.m */; };
		1DD4F5BC1DDC6B2600F0D6B0 /* TOCropScrollView.m in Sources */ = {isa = PBXBuildFile; fileRef = 1DD4F5A01DDC6B2600F0D6B0 /* TOCropScrollView.m */; };
		1DD4F5BD1DDC6B2600F0D6B0 /* TOCropToolbar.m in Sources */ = {isa = PBXBuildFile; fileRef = 1DD4F5A21DDC6B2600F0D6B0 /* TOCropToolbar.m */; };
		1DD4F5BE1DDC6B2600F0D6B0 /* TOCropView.m in Sources */ = {isa = PBXBuildFile; fileRef = 1DD4F5A41DDC6B2600F0D6B0 /* TOCropView.m */; };
		1DD4F5BF1DDC6B2600F0D6B0 /* ViewController.m in Sources */ = {isa = PBXBuildFile; fileRef = 1DD4F5A61DDC6B2600F0D6B0 /* ViewController.m */; };
/* End PBXBuildFile section */

/* Begin PBXContainerItemProxy section */
		1DD4F51C1DDC676600F0D6B0 /* PBXContainerItemProxy */ = {
			isa = PBXContainerItemProxy;
			containerPortal = 1DD4F4FA1DDC676600F0D6B0 /* Project object */;
			proxyType = 1;
			remoteGlobalIDString = 1DD4F5011DDC676600F0D6B0;
			remoteInfo = SKFCamerademo;
		};
		1DD4F5271DDC676600F0D6B0 /* PBXContainerItemProxy */ = {
			isa = PBXContainerItemProxy;
			containerPortal = 1DD4F4FA1DDC676600F0D6B0 /* Project object */;
			proxyType = 1;
			remoteGlobalIDString = 1DD4F5011DDC676600F0D6B0;
			remoteInfo = SKFCamerademo;
		};
/* End PBXContainerItemProxy section */

/* Begin PBXFileReference section */
		1DD4F5021DDC676600F0D6B0 /* SKFCamerademo.app */ = {isa = PBXFileReference; explicitFileType = wrapper.application; includeInIndex = 0; path = SKFCamerademo.app; sourceTree = BUILT_PRODUCTS_DIR; };
		1DD4F51B1DDC676600F0D6B0 /* SKFCamerademoTests.xctest */ = {isa = PBXFileReference; explicitFileType = wrapper.cfbundle; includeInIndex = 0; path = SKFCamerademoTests.xctest; sourceTree = BUILT_PRODUCTS_DIR; };
		1DD4F51F1DDC676600F0D6B0 /* SKFCamerademoTests.m */ = {isa = PBXFileReference; lastKnownFileType = sourcecode.c.objc; path = SKFCamerademoTests.m; sourceTree = "<group>"; };
		1DD4F5211DDC676600F0D6B0 /* Info.plist */ = {isa = PBXFileReference; lastKnownFileType = text.plist.xml; path = Info.plist; sourceTree = "<group>"; };
		1DD4F5261DDC676600F0D6B0 /* SKFCamerademoUITests.xctest */ = {isa = PBXFileReference; explicitFileType = wrapper.cfbundle; includeInIndex = 0; path = SKFCamerademoUITests.xctest; sourceTree = BUILT_PRODUCTS_DIR; };
		1DD4F52A1DDC676600F0D6B0 /* SKFCamerademoUITests.m */ = {isa = PBXFileReference; lastKnownFileType = sourcecode.c.objc; path = SKFCamerademoUITests.m; sourceTree = "<group>"; };
		1DD4F52C1DDC676600F0D6B0 /* Info.plist */ = {isa = PBXFileReference; lastKnownFileType = text.plist.xml; path = Info.plist; sourceTree = "<group>"; };
		1DD4F5741DDC6B2600F0D6B0 /* AppDelegate.h */ = {isa = PBXFileReference; fileEncoding = 4; lastKnownFileType = sourcecode.c.h; path = AppDelegate.h; sourceTree = "<group>"; };
		1DD4F5751DDC6B2600F0D6B0 /* AppDelegate.m */ = {isa = PBXFileReference; fileEncoding = 4; lastKnownFileType = sourcecode.c.objc; path = AppDelegate.m; sourceTree = "<group>"; };
		1DD4F5761DDC6B2600F0D6B0 /* Assets.xcassets */ = {isa = PBXFileReference; lastKnownFileType = folder.assetcatalog; path = Assets.xcassets; sourceTree = "<group>"; };
		1DD4F5781DDC6B2600F0D6B0 /* Base */ = {isa = PBXFileReference; lastKnownFileType = file.storyboard; name = Base; path = Base.lproj/LaunchScreen.storyboard; sourceTree = "<group>"; };
		1DD4F57A1DDC6B2600F0D6B0 /* Base */ = {isa = PBXFileReference; lastKnownFileType = file.storyboard; name = Base; path = Base.lproj/Main.storyboard; sourceTree = "<group>"; };
		1DD4F57B1DDC6B2600F0D6B0 /* Info.plist */ = {isa = PBXFileReference; fileEncoding = 4; lastKnownFileType = text.plist.xml; path = Info.plist; sourceTree = "<group>"; };
		1DD4F57C1DDC6B2600F0D6B0 /* main.m */ = {isa = PBXFileReference; fileEncoding = 4; lastKnownFileType = sourcecode.c.objc; path = main.m; sourceTree = "<group>"; };
		1DD4F57F1DDC6B2600F0D6B0 /* ALCameraViewAssets.xcassets */ = {isa = PBXFileReference; lastKnownFileType = folder.assetcatalog; path = ALCameraViewAssets.xcassets; sourceTree = "<group>"; };
		1DD4F5801DDC6B2600F0D6B0 /* LLSimpleCamera+Helper.h */ = {isa = PBXFileReference; fileEncoding = 4; lastKnownFileType = sourcecode.c.h; path = "LLSimpleCamera+Helper.h"; sourceTree = "<group>"; };
		1DD4F5811DDC6B2600F0D6B0 /* LLSimpleCamera+Helper.m */ = {isa = PBXFileReference; fileEncoding = 4; lastKnownFileType = sourcecode.c.objc; path = "LLSimpleCamera+Helper.m"; sourceTree = "<group>"; };
		1DD4F5821DDC6B2600F0D6B0 /* LLSimpleCamera.h */ = {isa = PBXFileReference; fileEncoding = 4; lastKnownFileType = sourcecode.c.h; path = LLSimpleCamera.h; sourceTree = "<group>"; };
		1DD4F5831DDC6B2600F0D6B0 /* LLSimpleCamera.m */ = {isa = PBXFileReference; fileEncoding = 4; lastKnownFileType = sourcecode.c.objc; path = LLSimpleCamera.m; sourceTree = "<group>"; };
		1DD4F5841DDC6B2600F0D6B0 /* UIImage+Crop.h */ = {isa = PBXFileReference; fileEncoding = 4; lastKnownFileType = sourcecode.c.h; path = "UIImage+Crop.h"; sourceTree = "<group>"; };
		1DD4F5851DDC6B2600F0D6B0 /* UIImage+Crop.m */ = {isa = PBXFileReference; fileEncoding = 4; lastKnownFileType = sourcecode.c.objc; path = "UIImage+Crop.m"; sourceTree = "<group>"; };
		1DD4F5861DDC6B2600F0D6B0 /* UIImage+FixOrientation.h */ = {isa = PBXFileReference; fileEncoding = 4; lastKnownFileType = sourcecode.c.h; path = "UIImage+FixOrientation.h"; sourceTree = "<group>"; };
		1DD4F5871DDC6B2600F0D6B0 /* UIImage+FixOrientation.m */ = {isa = PBXFileReference; fileEncoding = 4; lastKnownFileType = sourcecode.c.objc; path = "UIImage+FixOrientation.m"; sourceTree = "<group>"; };
		1DD4F5881DDC6B2600F0D6B0 /* UIImage+Resize.h */ = {isa = PBXFileReference; fileEncoding = 4; lastKnownFileType = sourcecode.c.h; path = "UIImage+Resize.h"; sourceTree = "<group>"; };
		1DD4F5891DDC6B2600F0D6B0 /* UIImage+Resize.m */ = {isa = PBXFileReference; fileEncoding = 4; lastKnownFileType = sourcecode.c.objc; path = "UIImage+Resize.m"; sourceTree = "<group>"; };
		1DD4F58A1DDC6B2600F0D6B0 /* SKFCamera.h */ = {isa = PBXFileReference; fileEncoding = 4; lastKnownFileType = sourcecode.c.h; path = SKFCamera.h; sourceTree = "<group>"; };
		1DD4F58B1DDC6B2600F0D6B0 /* SKFCamera.m */ = {isa = PBXFileReference; fileEncoding = 4; lastKnownFileType = sourcecode.c.objc; path = SKFCamera.m; sourceTree = "<group>"; };
		1DD4F58E1DDC6B2600F0D6B0 /* TOActivityCroppedImageProvider.h */ = {isa = PBXFileReference; fileEncoding = 4; lastKnownFileType = sourcecode.c.h; path = TOActivityCroppedImageProvider.h; sourceTree = "<group>"; };
		1DD4F58F1DDC6B2600F0D6B0 /* TOActivityCroppedImageProvider.m */ = {isa = PBXFileReference; fileEncoding = 4; lastKnownFileType = sourcecode.c.objc; path = TOActivityCroppedImageProvider.m; sourceTree = "<group>"; };
		1DD4F5901DDC6B2600F0D6B0 /* TOCroppedImageAttributes.h */ = {isa = PBXFileReference; fileEncoding = 4; lastKnownFileType = sourcecode.c.h; path = TOCroppedImageAttributes.h; sourceTree = "<group>"; };
		1DD4F5911DDC6B2600F0D6B0 /* TOCroppedImageAttributes.m */ = {isa = PBXFileReference; fileEncoding = 4; lastKnownFileType = sourcecode.c.objc; path = TOCroppedImageAttributes.m; sourceTree = "<group>"; };
		1DD4F5921DDC6B2600F0D6B0 /* TOCropViewControllerTransitioning.h */ = {isa = PBXFileReference; fileEncoding = 4; lastKnownFileType = sourcecode.c.h; path = TOCropViewControllerTransitioning.h; sourceTree = "<group>"; };
		1DD4F5931DDC6B2600F0D6B0 /* TOCropViewControllerTransitioning.m */ = {isa = PBXFileReference; fileEncoding = 4; lastKnownFileType = sourcecode.c.objc; path = TOCropViewControllerTransitioning.m; sourceTree = "<group>"; };
		1DD4F5941DDC6B2600F0D6B0 /* UIImage+CropRotate.h */ = {isa = PBXFileReference; fileEncoding = 4; lastKnownFileType = sourcecode.c.h; path = "UIImage+CropRotate.h"; sourceTree = "<group>"; };
		1DD4F5951DDC6B2600F0D6B0 /* UIImage+CropRotate.m */ = {isa = PBXFileReference; fileEncoding = 4; lastKnownFileType = sourcecode.c.objc; path = "UIImage+CropRotate.m"; sourceTree = "<group>"; };
		1DD4F5961DDC6B2600F0D6B0 /* TOCropViewController.h */ = {isa = PBXFileReference; fileEncoding = 4; lastKnownFileType = sourcecode.c.h; path = TOCropViewController.h; sourceTree = "<group>"; };
		1DD4F5971DDC6B2600F0D6B0 /* TOCropViewController.m */ = {isa = PBXFileReference; fileEncoding = 4; lastKnownFileType = sourcecode.c.objc; path = TOCropViewController.m; sourceTree = "<group>"; };
		1DD4F5981DDC6B2600F0D6B0 /* TOCropViewControllerLocalizable.strings */ = {isa = PBXFileReference; fileEncoding = 4; lastKnownFileType = text.plist.strings; path = TOCropViewControllerLocalizable.strings; sourceTree = "<group>"; };
		1DD4F59A1DDC6B2600F0D6B0 /* UIView+layoutnew.h */ = {isa = PBXFileReference; fileEncoding = 4; lastKnownFileType = sourcecode.c.h; path = "UIView+layoutnew.h"; sourceTree = "<group>"; };
		1DD4F59B1DDC6B2600F0D6B0 /* UIView+layoutnew.m */ = {isa = PBXFileReference; fileEncoding = 4; lastKnownFileType = sourcecode.c.objc; path = "UIView+layoutnew.m"; sourceTree = "<group>"; };
		1DD4F59D1DDC6B2600F0D6B0 /* TOCropOverlayView.h */ = {isa = PBXFileReference; fileEncoding = 4; lastKnownFileType = sourcecode.c.h; path = TOCropOverlayView.h; sourceTree = "<group>"; };
		1DD4F59E1DDC6B2600F0D6B0 /* TOCropOverlayView.m */ = {isa = PBXFileReference; fileEncoding = 4; lastKnownFileType = sourcecode.c.objc; path = TOCropOverlayView.m; sourceTree = "<group>"; };
		1DD4F59F1DDC6B2600F0D6B0 /* TOCropScrollView.h */ = {isa = PBXFileReference; fileEncoding = 4; lastKnownFileType = sourcecode.c.h; path = TOCropScrollView.h; sourceTree = "<group>"; };
		1DD4F5A01DDC6B2600F0D6B0 /* TOCropScrollView.m */ = {isa = PBXFileReference; fileEncoding = 4; lastKnownFileType = sourcecode.c.objc; path = TOCropScrollView.m; sourceTree = "<group>"; };
		1DD4F5A11DDC6B2600F0D6B0 /* TOCropToolbar.h */ = {isa = PBXFileReference; fileEncoding = 4; lastKnownFileType = sourcecode.c.h; path = TOCropToolbar.h; sourceTree = "<group>"; };
		1DD4F5A21DDC6B2600F0D6B0 /* TOCropToolbar.m */ = {isa = PBXFileReference; fileEncoding = 4; lastKnownFileType = sourcecode.c.objc; path = TOCropToolbar.m; sourceTree = "<group>"; };
		1DD4F5A31DDC6B2600F0D6B0 /* TOCropView.h */ = {isa = PBXFileReference; fileEncoding = 4; lastKnownFileType = sourcecode.c.h; path = TOCropView.h; sourceTree = "<group>"; };
		1DD4F5A41DDC6B2600F0D6B0 /* TOCropView.m */ = {isa = PBXFileReference; fileEncoding = 4; lastKnownFileType = sourcecode.c.objc; path = TOCropView.m; sourceTree = "<group>"; };
		1DD4F5A51DDC6B2600F0D6B0 /* ViewController.h */ = {isa = PBXFileReference; fileEncoding = 4; lastKnownFileType = sourcecode.c.h; path = ViewController.h; sourceTree = "<group>"; };
		1DD4F5A61DDC6B2600F0D6B0 /* ViewController.m */ = {isa = PBXFileReference; fileEncoding = 4; lastKnownFileType = sourcecode.c.objc; path = ViewController.m; sourceTree = "<group>"; };
/* End PBXFileReference section */

/* Begin PBXFrameworksBuildPhase section */
		1DD4F4FF1DDC676600F0D6B0 /* Frameworks */ = {
			isa = PBXFrameworksBuildPhase;
			buildActionMask = 2147483647;
			files = (
			);
			runOnlyForDeploymentPostprocessing = 0;
		};
		1DD4F5181DDC676600F0D6B0 /* Frameworks */ = {
			isa = PBXFrameworksBuildPhase;
			buildActionMask = 2147483647;
			files = (
			);
			runOnlyForDeploymentPostprocessing = 0;
		};
		1DD4F5231DDC676600F0D6B0 /* Frameworks */ = {
			isa = PBXFrameworksBuildPhase;
			buildActionMask = 2147483647;
			files = (
			);
			runOnlyForDeploymentPostprocessing = 0;
		};
/* End PBXFrameworksBuildPhase section */

/* Begin PBXGroup section */
		1DD4F4F91DDC676600F0D6B0 = {
			isa = PBXGroup;
			children = (
				1DD4F5721DDC6B2600F0D6B0 /* SKFCamerademo */,
				1DD4F51E1DDC676600F0D6B0 /* SKFCamerademoTests */,
				1DD4F5291DDC676600F0D6B0 /* SKFCamerademoUITests */,
				1DD4F5031DDC676600F0D6B0 /* Products */,
			);
			sourceTree = "<group>";
		};
		1DD4F5031DDC676600F0D6B0 /* Products */ = {
			isa = PBXGroup;
			children = (
				1DD4F5021DDC676600F0D6B0 /* SKFCamerademo.app */,
				1DD4F51B1DDC676600F0D6B0 /* SKFCamerademoTests.xctest */,
				1DD4F5261DDC676600F0D6B0 /* SKFCamerademoUITests.xctest */,
			);
			name = Products;
			sourceTree = "<group>";
		};
		1DD4F51E1DDC676600F0D6B0 /* SKFCamerademoTests */ = {
			isa = PBXGroup;
			children = (
				1DD4F51F1DDC676600F0D6B0 /* SKFCamerademoTests.m */,
				1DD4F5211DDC676600F0D6B0 /* Info.plist */,
			);
			path = SKFCamerademoTests;
			sourceTree = "<group>";
		};
		1DD4F5291DDC676600F0D6B0 /* SKFCamerademoUITests */ = {
			isa = PBXGroup;
			children = (
				1DD4F52A1DDC676600F0D6B0 /* SKFCamerademoUITests.m */,
				1DD4F52C1DDC676600F0D6B0 /* Info.plist */,
			);
			path = SKFCamerademoUITests;
			sourceTree = "<group>";
		};
		1DD4F5721DDC6B2600F0D6B0 /* SKFCamerademo */ = {
			isa = PBXGroup;
			children = (
				1DD4F5731DDC6B2600F0D6B0 /* SKFCamerademo */,
			);
			path = SKFCamerademo;
			sourceTree = "<group>";
		};
		1DD4F5731DDC6B2600F0D6B0 /* SKFCamerademo */ = {
			isa = PBXGroup;
			children = (
				1DD4F5741DDC6B2600F0D6B0 /* AppDelegate.h */,
				1DD4F5751DDC6B2600F0D6B0 /* AppDelegate.m */,
				1DD4F5761DDC6B2600F0D6B0 /* Assets.xcassets */,
				1DD4F5771DDC6B2600F0D6B0 /* LaunchScreen.storyboard */,
				1DD4F5791DDC6B2600F0D6B0 /* Main.storyboard */,
				1DD4F57B1DDC6B2600F0D6B0 /* Info.plist */,
				1DD4F57C1DDC6B2600F0D6B0 /* main.m */,
				1DD4F57D1DDC6B2600F0D6B0 /* SKFCamera */,
				1DD4F5A51DDC6B2600F0D6B0 /* ViewController.h */,
				1DD4F5A61DDC6B2600F0D6B0 /* ViewController.m */,
			);
			path = SKFCamerademo;
			sourceTree = "<group>";
		};
		1DD4F57D1DDC6B2600F0D6B0 /* SKFCamera */ = {
			isa = PBXGroup;
			children = (
				1DD4F57E1DDC6B2600F0D6B0 /* LLSimpleCamera */,
				1DD4F58A1DDC6B2600F0D6B0 /* SKFCamera.h */,
				1DD4F58B1DDC6B2600F0D6B0 /* SKFCamera.m */,
				1DD4F58C1DDC6B2600F0D6B0 /* 图片自由裁剪 */,
			);
			path = SKFCamera;
			sourceTree = "<group>";
		};
		1DD4F57E1DDC6B2600F0D6B0 /* LLSimpleCamera */ = {
			isa = PBXGroup;
			children = (
				1DD4F57F1DDC6B2600F0D6B0 /* ALCameraViewAssets.xcassets */,
				1DD4F5801DDC6B2600F0D6B0 /* LLSimpleCamera+Helper.h */,
				1DD4F5811DDC6B2600F0D6B0 /* LLSimpleCamera+Helper.m */,
				1DD4F5821DDC6B2600F0D6B0 /* LLSimpleCamera.h */,
				1DD4F5831DDC6B2600F0D6B0 /* LLSimpleCamera.m */,
				1DD4F5841DDC6B2600F0D6B0 /* UIImage+Crop.h */,
				1DD4F5851DDC6B2600F0D6B0 /* UIImage+Crop.m */,
				1DD4F5861DDC6B2600F0D6B0 /* UIImage+FixOrientation.h */,
				1DD4F5871DDC6B2600F0D6B0 /* UIImage+FixOrientation.m */,
				1DD4F5881DDC6B2600F0D6B0 /* UIImage+Resize.h */,
				1DD4F5891DDC6B2600F0D6B0 /* UIImage+Resize.m */,
			);
			path = LLSimpleCamera;
			sourceTree = "<group>";
		};
		1DD4F58C1DDC6B2600F0D6B0 /* 图片自由裁剪 */ = {
			isa = PBXGroup;
			children = (
				1DD4F58D1DDC6B2600F0D6B0 /* Models */,
				1DD4F5961DDC6B2600F0D6B0 /* TOCropViewController.h */,
				1DD4F5971DDC6B2600F0D6B0 /* TOCropViewController.m */,
				1DD4F5981DDC6B2600F0D6B0 /* TOCropViewControllerLocalizable.strings */,
				1DD4F5991DDC6B2600F0D6B0 /* TZImagePickerController */,
				1DD4F59A1DDC6B2600F0D6B0 /* UIView+layoutnew.h */,
				1DD4F59B1DDC6B2600F0D6B0 /* UIView+layoutnew.m */,
				1DD4F59C1DDC6B2600F0D6B0 /* Views */,
			);
			path = "图片自由裁剪";
			sourceTree = "<group>";
		};
		1DD4F58D1DDC6B2600F0D6B0 /* Models */ = {
			isa = PBXGroup;
			children = (
				1DD4F58E1DDC6B2600F0D6B0 /* TOActivityCroppedImageProvider.h */,
				1DD4F58F1DDC6B2600F0D6B0 /* TOActivityCroppedImageProvider.m */,
				1DD4F5901DDC6B2600F0D6B0 /* TOCroppedImageAttributes.h */,
				1DD4F5911DDC6B2600F0D6B0 /* TOCroppedImageAttributes.m */,
				1DD4F5921DDC6B2600F0D6B0 /* TOCropViewControllerTransitioning.h */,
				1DD4F5931DDC6B2600F0D6B0 /* TOCropViewControllerTransitioning.m */,
				1DD4F5941DDC6B2600F0D6B0 /* UIImage+CropRotate.h */,
				1DD4F5951DDC6B2600F0D6B0 /* UIImage+CropRotate.m */,
			);
			path = Models;
			sourceTree = "<group>";
		};
		1DD4F5991DDC6B2600F0D6B0 /* TZImagePickerController */ = {
			isa = PBXGroup;
			children = (
			);
			path = TZImagePickerController;
			sourceTree = "<group>";
		};
		1DD4F59C1DDC6B2600F0D6B0 /* Views */ = {
			isa = PBXGroup;
			children = (
				1DD4F59D1DDC6B2600F0D6B0 /* TOCropOverlayView.h */,
				1DD4F59E1DDC6B2600F0D6B0 /* TOCropOverlayView.m */,
				1DD4F59F1DDC6B2600F0D6B0 /* TOCropScrollView.h */,
				1DD4F5A01DDC6B2600F0D6B0 /* TOCropScrollView.m */,
				1DD4F5A11DDC6B2600F0D6B0 /* TOCropToolbar.h */,
				1DD4F5A21DDC6B2600F0D6B0 /* TOCropToolbar.m */,
				1DD4F5A31DDC6B2600F0D6B0 /* TOCropView.h */,
				1DD4F5A41DDC6B2600F0D6B0 /* TOCropView.m */,
			);
			path = Views;
			sourceTree = "<group>";
		};
/* End PBXGroup section */

/* Begin PBXNativeTarget section */
		1DD4F5011DDC676600F0D6B0 /* SKFCamerademo */ = {
			isa = PBXNativeTarget;
			buildConfigurationList = 1DD4F52F1DDC676600F0D6B0 /* Build configuration list for PBXNativeTarget "SKFCamerademo" */;
			buildPhases = (
				1DD4F4FE1DDC676600F0D6B0 /* Sources */,
				1DD4F4FF1DDC676600F0D6B0 /* Frameworks */,
				1DD4F5001DDC676600F0D6B0 /* Resources */,
			);
			buildRules = (
			);
			dependencies = (
			);
			name = SKFCamerademo;
			productName = SKFCamerademo;
			productReference = 1DD4F5021DDC676600F0D6B0 /* SKFCamerademo.app */;
			productType = "com.apple.product-type.application";
		};
		1DD4F51A1DDC676600F0D6B0 /* SKFCamerademoTests */ = {
			isa = PBXNativeTarget;
			buildConfigurationList = 1DD4F5321DDC676600F0D6B0 /* Build configuration list for PBXNativeTarget "SKFCamerademoTests" */;
			buildPhases = (
				1DD4F5171DDC676600F0D6B0 /* Sources */,
				1DD4F5181DDC676600F0D6B0 /* Frameworks */,
				1DD4F5191DDC676600F0D6B0 /* Resources */,
			);
			buildRules = (
			);
			dependencies = (
				1DD4F51D1DDC676600F0D6B0 /* PBXTargetDependency */,
			);
			name = SKFCamerademoTests;
			productName = SKFCamerademoTests;
			productReference = 1DD4F51B1DDC676600F0D6B0 /* SKFCamerademoTests.xctest */;
			productType = "com.apple.product-type.bundle.unit-test";
		};
		1DD4F5251DDC676600F0D6B0 /* SKFCamerademoUITests */ = {
			isa = PBXNativeTarget;
			buildConfigurationList = 1DD4F5351DDC676600F0D6B0 /* Build configuration list for PBXNativeTarget "SKFCamerademoUITests" */;
			buildPhases = (
				1DD4F5221DDC676600F0D6B0 /* Sources */,
				1DD4F5231DDC676600F0D6B0 /* Frameworks */,
				1DD4F5241DDC676600F0D6B0 /* Resources */,
			);
			buildRules = (
			);
			dependencies = (
				1DD4F5281DDC676600F0D6B0 /* PBXTargetDependency */,
			);
			name = SKFCamerademoUITests;
			productName = SKFCamerademoUITests;
			productReference = 1DD4F5261DDC676600F0D6B0 /* SKFCamerademoUITests.xctest */;
			productType = "com.apple.product-type.bundle.ui-testing";
		};
/* End PBXNativeTarget section */

/* Begin PBXProject section */
		1DD4F4FA1DDC676600F0D6B0 /* Project object */ = {
			isa = PBXProject;
			attributes = {
				LastUpgradeCheck = 0810;
				ORGANIZATIONNAME = "孙凯峰";
				TargetAttributes = {
					1DD4F5011DDC676600F0D6B0 = {
						CreatedOnToolsVersion = 8.1;
						DevelopmentTeam = 8DJXRV3PQ2;
						ProvisioningStyle = Automatic;
					};
					1DD4F51A1DDC676600F0D6B0 = {
						CreatedOnToolsVersion = 8.1;
						ProvisioningStyle = Automatic;
						TestTargetID = 1DD4F5011DDC676600F0D6B0;
					};
					1DD4F5251DDC676600F0D6B0 = {
						CreatedOnToolsVersion = 8.1;
						ProvisioningStyle = Automatic;
						TestTargetID = 1DD4F5011DDC676600F0D6B0;
					};
				};
			};
			buildConfigurationList = 1DD4F4FD1DDC676600F0D6B0 /* Build configuration list for PBXProject "SKFCamerademo" */;
			compatibilityVersion = "Xcode 3.2";
			developmentRegion = English;
			hasScannedForEncodings = 0;
			knownRegions = (
				en,
				Base,
			);
			mainGroup = 1DD4F4F91DDC676600F0D6B0;
			productRefGroup = 1DD4F5031DDC676600F0D6B0 /* Products */;
			projectDirPath = "";
			projectRoot = "";
			targets = (
				1DD4F5011DDC676600F0D6B0 /* SKFCamerademo */,
				1DD4F51A1DDC676600F0D6B0 /* SKFCamerademoTests */,
				1DD4F5251DDC676600F0D6B0 /* SKFCamerademoUITests */,
			);
		};
/* End PBXProject section */

/* Begin PBXResourcesBuildPhase section */
		1DD4F5001DDC676600F0D6B0 /* Resources */ = {
			isa = PBXResourcesBuildPhase;
			buildActionMask = 2147483647;
			files = (
				1DD4F5AB1DDC6B2600F0D6B0 /* Info.plist in Resources */,
				1DD4F5AA1DDC6B2600F0D6B0 /* Main.storyboard in Resources */,
				1DD4F5AD1DDC6B2600F0D6B0 /* ALCameraViewAssets.xcassets in Resources */,
				1DD4F5B91DDC6B2600F0D6B0 /* TOCropViewControllerLocalizable.strings in Resources */,
				1DD4F5A81DDC6B2600F0D6B0 /* Assets.xcassets in Resources */,
				1DD4F5A91DDC6B2600F0D6B0 /* LaunchScreen.storyboard in Resources */,
			);
			runOnlyForDeploymentPostprocessing = 0;
		};
		1DD4F5191DDC676600F0D6B0 /* Resources */ = {
			isa = PBXResourcesBuildPhase;
			buildActionMask = 2147483647;
			files = (
			);
			runOnlyForDeploymentPostprocessing = 0;
		};
		1DD4F5241DDC676600F0D6B0 /* Resources */ = {
			isa = PBXResourcesBuildPhase;
			buildActionMask = 2147483647;
			files = (
			);
			runOnlyForDeploymentPostprocessing = 0;
		};
/* End PBXResourcesBuildPhase section */

/* Begin PBXSourcesBuildPhase section */
		1DD4F4FE1DDC676600F0D6B0 /* Sources */ = {
			isa = PBXSourcesBuildPhase;
			buildActionMask = 2147483647;
			files = (
				1DD4F5AE1DDC6B2600F0D6B0 /* LLSimpleCamera+Helper.m in Sources */,
				1DD4F5AC1DDC6B2600F0D6B0 /* main.m in Sources */,
				1DD4F5B81DDC6B2600F0D6B0 /* TOCropViewController.m in Sources */,
				1DD4F5BE1DDC6B2600F0D6B0 /* TOCropView.m in Sources */,
				1DD4F5B01DDC6B2600F0D6B0 /* UIImage+Crop.m in Sources */,
				1DD4F5B41DDC6B2600F0D6B0 /* TOActivityCroppedImageProvider.m in Sources */,
				1DD4F5BA1DDC6B2600F0D6B0 /* UIView+layoutnew.m in Sources */,
				1DD4F5BD1DDC6B2600F0D6B0 /* TOCropToolbar.m in Sources */,
				1DD4F5BF1DDC6B2600F0D6B0 /* ViewController.m in Sources */,
				1DD4F5B61DDC6B2600F0D6B0 /* TOCropViewControllerTransitioning.m in Sources */,
				1DD4F5B31DDC6B2600F0D6B0 /* SKFCamera.m in Sources */,
				1DD4F5BB1DDC6B2600F0D6B0 /* TOCropOverlayView.m in Sources */,
				1DD4F5B71DDC6B2600F0D6B0 /* UIImage+CropRotate.m in Sources */,
				1DD4F5B51DDC6B2600F0D6B0 /* TOCroppedImageAttributes.m in Sources */,
				1DD4F5AF1DDC6B2600F0D6B0 /* LLSimpleCamera.m in Sources */,
				1DD4F5B11DDC6B2600F0D6B0 /* UIImage+FixOrientation.m in Sources */,
				1DD4F5A71DDC6B2600F0D6B0 /* AppDelegate.m in Sources */,
				1DD4F5BC1DDC6B2600F0D6B0 /* TOCropScrollView.m in Sources */,
				1DD4F5B21DDC6B2600F0D6B0 /* UIImage+Resize.m in Sources */,
			);
			runOnlyForDeploymentPostprocessing = 0;
		};
		1DD4F5171DDC676600F0D6B0 /* Sources */ = {
			isa = PBXSourcesBuildPhase;
			buildActionMask = 2147483647;
			files = (
				1DD4F5201DDC676600F0D6B0 /* SKFCamerademoTests.m in Sources */,
			);
			runOnlyForDeploymentPostprocessing = 0;
		};
		1DD4F5221DDC676600F0D6B0 /* Sources */ = {
			isa = PBXSourcesBuildPhase;
			buildActionMask = 2147483647;
			files = (
				1DD4F52B1DDC676600F0D6B0 /* SKFCamerademoUITests.m in Sources */,
			);
			runOnlyForDeploymentPostprocessing = 0;
		};
/* End PBXSourcesBuildPhase section */

/* Begin PBXTargetDependency section */
		1DD4F51D1DDC676600F0D6B0 /* PBXTargetDependency */ = {
			isa = PBXTargetDependency;
			target = 1DD4F5011DDC676600F0D6B0 /* SKFCamerademo */;
			targetProxy = 1DD4F51C1DDC676600F0D6B0 /* PBXContainerItemProxy */;
		};
		1DD4F5281DDC676600F0D6B0 /* PBXTargetDependency */ = {
			isa = PBXTargetDependency;
			target = 1DD4F5011DDC676600F0D6B0 /* SKFCamerademo */;
			targetProxy = 1DD4F5271DDC676600F0D6B0 /* PBXContainerItemProxy */;
		};
/* End PBXTargetDependency section */

/* Begin PBXVariantGroup section */
		1DD4F5771DDC6B2600F0D6B0 /* LaunchScreen.storyboard */ = {
			isa = PBXVariantGroup;
			children = (
				1DD4F5781DDC6B2600F0D6B0 /* Base */,
			);
			name = LaunchScreen.storyboard;
			sourceTree = "<group>";
		};
		1DD4F5791DDC6B2600F0D6B0 /* Main.storyboard */ = {
			isa = PBXVariantGroup;
			children = (
				1DD4F57A1DDC6B2600F0D6B0 /* Base */,
			);
			name = Main.storyboard;
			sourceTree = "<group>";
		};
/* End PBXVariantGroup section */

/* Begin XCBuildConfiguration section */
		1DD4F52D1DDC676600F0D6B0 /* Debug */ = {
			isa = XCBuildConfiguration;
			buildSettings = {
				ALWAYS_SEARCH_USER_PATHS = NO;
				CLANG_ANALYZER_NONNULL = YES;
				CLANG_CXX_LANGUAGE_STANDARD = "gnu++0x";
				CLANG_CXX_LIBRARY = "libc++";
				CLANG_ENABLE_MODULES = YES;
				CLANG_ENABLE_OBJC_ARC = YES;
				CLANG_WARN_BOOL_CONVERSION = YES;
				CLANG_WARN_CONSTANT_CONVERSION = YES;
				CLANG_WARN_DIRECT_OBJC_ISA_USAGE = YES_ERROR;
				CLANG_WARN_DOCUMENTATION_COMMENTS = YES;
				CLANG_WARN_EMPTY_BODY = YES;
				CLANG_WARN_ENUM_CONVERSION = YES;
				CLANG_WARN_INFINITE_RECURSION = YES;
				CLANG_WARN_INT_CONVERSION = YES;
				CLANG_WARN_OBJC_ROOT_CLASS = YES_ERROR;
				CLANG_WARN_SUSPICIOUS_MOVES = YES;
				CLANG_WARN_UNREACHABLE_CODE = YES;
				CLANG_WARN__DUPLICATE_METHOD_MATCH = YES;
				"CODE_SIGN_IDENTITY[sdk=iphoneos*]" = "iPhone Developer";
				COPY_PHASE_STRIP = NO;
				DEBUG_INFORMATION_FORMAT = dwarf;
				ENABLE_STRICT_OBJC_MSGSEND = YES;
				ENABLE_TESTABILITY = YES;
				GCC_C_LANGUAGE_STANDARD = gnu99;
				GCC_DYNAMIC_NO_PIC = NO;
				GCC_NO_COMMON_BLOCKS = YES;
				GCC_OPTIMIZATION_LEVEL = 0;
				GCC_PREPROCESSOR_DEFINITIONS = (
					"DEBUG=1",
					"$(inherited)",
				);
				GCC_WARN_64_TO_32_BIT_CONVERSION = YES;
				GCC_WARN_ABOUT_RETURN_TYPE = YES_ERROR;
				GCC_WARN_UNDECLARED_SELECTOR = YES;
				GCC_WARN_UNINITIALIZED_AUTOS = YES_AGGRESSIVE;
				GCC_WARN_UNUSED_FUNCTION = YES;
				GCC_WARN_UNUSED_VARIABLE = YES;
				IPHONEOS_DEPLOYMENT_TARGET = 10.1;
				MTL_ENABLE_DEBUG_INFO = YES;
				ONLY_ACTIVE_ARCH = YES;
				SDKROOT = iphoneos;
			};
			name = Debug;
		};
		1DD4F52E1DDC676600F0D6B0 /* Release */ = {
			isa = XCBuildConfiguration;
			buildSettings = {
				ALWAYS_SEARCH_USER_PATHS = NO;
				CLANG_ANALYZER_NONNULL = YES;
				CLANG_CXX_LANGUAGE_STANDARD = "gnu++0x";
				CLANG_CXX_LIBRARY = "libc++";
				CLANG_ENABLE_MODULES = YES;
				CLANG_ENABLE_OBJC_ARC = YES;
				CLANG_WARN_BOOL_CONVERSION = YES;
				CLANG_WARN_CONSTANT_CONVERSION = YES;
				CLANG_WARN_DIRECT_OBJC_ISA_USAGE = YES_ERROR;
				CLANG_WARN_DOCUMENTATION_COMMENTS = YES;
				CLANG_WARN_EMPTY_BODY = YES;
				CLANG_WARN_ENUM_CONVERSION = YES;
				CLANG_WARN_INFINITE_RECURSION = YES;
				CLANG_WARN_INT_CONVERSION = YES;
				CLANG_WARN_OBJC_ROOT_CLASS = YES_ERROR;
				CLANG_WARN_SUSPICIOUS_MOVES = YES;
				CLANG_WARN_UNREACHABLE_CODE = YES;
				CLANG_WARN__DUPLICATE_METHOD_MATCH = YES;
				"CODE_SIGN_IDENTITY[sdk=iphoneos*]" = "iPhone Developer";
				COPY_PHASE_STRIP = NO;
				DEBUG_INFORMATION_FORMAT = "dwarf-with-dsym";
				ENABLE_NS_ASSERTIONS = NO;
				ENABLE_STRICT_OBJC_MSGSEND = YES;
				GCC_C_LANGUAGE_STANDARD = gnu99;
				GCC_NO_COMMON_BLOCKS = YES;
				GCC_WARN_64_TO_32_BIT_CONVERSION = YES;
				GCC_WARN_ABOUT_RETURN_TYPE = YES_ERROR;
				GCC_WARN_UNDECLARED_SELECTOR = YES;
				GCC_WARN_UNINITIALIZED_AUTOS = YES_AGGRESSIVE;
				GCC_WARN_UNUSED_FUNCTION = YES;
				GCC_WARN_UNUSED_VARIABLE = YES;
				IPHONEOS_DEPLOYMENT_TARGET = 10.1;
				MTL_ENABLE_DEBUG_INFO = NO;
				SDKROOT = iphoneos;
				VALIDATE_PRODUCT = YES;
			};
			name = Release;
		};
		1DD4F5301DDC676600F0D6B0 /* Debug */ = {
			isa = XCBuildConfiguration;
			buildSettings = {
				ASSETCATALOG_COMPILER_APPICON_NAME = AppIcon;
				DEVELOPMENT_TEAM = 8DJXRV3PQ2;
				INFOPLIST_FILE = "$(SRCROOT)/SKFCamerademo/SKFCamerademo/Info.plist";
				LD_RUNPATH_SEARCH_PATHS = "$(inherited) @executable_path/Frameworks";
				PRODUCT_BUNDLE_IDENTIFIER = s.SKFCamerademo;
				PRODUCT_NAME = "$(TARGET_NAME)";
			};
			name = Debug;
		};
		1DD4F5311DDC676600F0D6B0 /* Release */ = {
			isa = XCBuildConfiguration;
			buildSettings = {
				ASSETCATALOG_COMPILER_APPICON_NAME = AppIcon;
				DEVELOPMENT_TEAM = 8DJXRV3PQ2;
				INFOPLIST_FILE = "$(SRCROOT)/SKFCamerademo/SKFCamerademo/Info.plist";
				LD_RUNPATH_SEARCH_PATHS = "$(inherited) @executable_path/Frameworks";
				PRODUCT_BUNDLE_IDENTIFIER = s.SKFCamerademo;
				PRODUCT_NAME = "$(TARGET_NAME)";
			};
			name = Release;
		};
		1DD4F5331DDC676600F0D6B0 /* Debug */ = {
			isa = XCBuildConfiguration;
			buildSettings = {
				BUNDLE_LOADER = "$(TEST_HOST)";
				INFOPLIST_FILE = SKFCamerademoTests/Info.plist;
				LD_RUNPATH_SEARCH_PATHS = "$(inherited) @executable_path/Frameworks @loader_path/Frameworks";
				PRODUCT_BUNDLE_IDENTIFIER = s.SKFCamerademoTests;
				PRODUCT_NAME = "$(TARGET_NAME)";
				TEST_HOST = "$(BUILT_PRODUCTS_DIR)/SKFCamerademo.app/SKFCamerademo";
			};
			name = Debug;
		};
		1DD4F5341DDC676600F0D6B0 /* Release */ = {
			isa = XCBuildConfiguration;
			buildSettings = {
				BUNDLE_LOADER = "$(TEST_HOST)";
				INFOPLIST_FILE = SKFCamerademoTests/Info.plist;
				LD_RUNPATH_SEARCH_PATHS = "$(inherited) @executable_path/Frameworks @loader_path/Frameworks";
				PRODUCT_BUNDLE_IDENTIFIER = s.SKFCamerademoTests;
				PRODUCT_NAME = "$(TARGET_NAME)";
				TEST_HOST = "$(BUILT_PRODUCTS_DIR)/SKFCamerademo.app/SKFCamerademo";
			};
			name = Release;
		};
		1DD4F5361DDC676600F0D6B0 /* Debug */ = {
			isa = XCBuildConfiguration;
			buildSettings = {
				INFOPLIST_FILE = SKFCamerademoUITests/Info.plist;
				LD_RUNPATH_SEARCH_PATHS = "$(inherited) @executable_path/Frameworks @loader_path/Frameworks";
				PRODUCT_BUNDLE_IDENTIFIER = s.SKFCamerademoUITests;
				PRODUCT_NAME = "$(TARGET_NAME)";
				TEST_TARGET_NAME = SKFCamerademo;
			};
			name = Debug;
		};
		1DD4F5371DDC676600F0D6B0 /* Release */ = {
			isa = XCBuildConfiguration;
			buildSettings = {
				INFOPLIST_FILE = SKFCamerademoUITests/Info.plist;
				LD_RUNPATH_SEARCH_PATHS = "$(inherited) @executable_path/Frameworks @loader_path/Frameworks";
				PRODUCT_BUNDLE_IDENTIFIER = s.SKFCamerademoUITests;
				PRODUCT_NAME = "$(TARGET_NAME)";
				TEST_TARGET_NAME = SKFCamerademo;
			};
			name = Release;
		};
/* End XCBuildConfiguration section */

/* Begin XCConfigurationList section */
		1DD4F4FD1DDC676600F0D6B0 /* Build configuration list for PBXProject "SKFCamerademo" */ = {
			isa = XCConfigurationList;
			buildConfigurations = (
				1DD4F52D1DDC676600F0D6B0 /* Debug */,
				1DD4F52E1DDC676600F0D6B0 /* Release */,
			);
			defaultConfigurationIsVisible = 0;
			defaultConfigurationName = Release;
		};
		1DD4F52F1DDC676600F0D6B0 /* Build configuration list for PBXNativeTarget "SKFCamerademo" */ = {
			isa = XCConfigurationList;
			buildConfigurations = (
				1DD4F5301DDC676600F0D6B0 /* Debug */,
				1DD4F5311DDC676600F0D6B0 /* Release */,
			);
			defaultConfigurationIsVisible = 0;
			defaultConfigurationName = Release;
		};
		1DD4F5321DDC676600F0D6B0 /* Build configuration list for PBXNativeTarget "SKFCamerademoTests" */ = {
			isa = XCConfigurationList;
			buildConfigurations = (
				1DD4F5331DDC676600F0D6B0 /* Debug */,
				1DD4F5341DDC676600F0D6B0 /* Release */,
			);
			defaultConfigurationIsVisible = 0;
			defaultConfigurationName = Release;
		};
		1DD4F5351DDC676600F0D6B0 /* Build configuration list for PBXNativeTarget "SKFCamerademoUITests" */ = {
			isa = XCConfigurationList;
			buildConfigurations = (
				1DD4F5361DDC676600F0D6B0 /* Debug */,
				1DD4F5371DDC676600F0D6B0 /* Release */,
			);
			defaultConfigurationIsVisible = 0;
			defaultConfigurationName = Release;
		};
/* End XCConfigurationList section */
	};
	rootObject = 1DD4F4FA1DDC676600F0D6B0 /* Project object */;
}
